// !$*UTF8*$!
{
	archiveVersion = 1;
	classes = {
	};
	objectVersion = 56;
	objects = {

/* Begin PBXBuildFile section */
		AA5CA9B52DBC09900095D022 /* whisperApp.swift in Sources */ = {isa = PBXBuildFile; fileRef = AA5CA9B42DBC09900095D022 /* whisperApp.swift */; };
		AA5CA9B72DBC09900095D022 /* ContentView.swift in Sources */ = {isa = PBXBuildFile; fileRef = AA5CA9B62DBC09900095D022 /* ContentView.swift */; };
		AA5CA9B92DBC09910095D022 /* Assets.xcassets in Resources */ = {isa = PBXBuildFile; fileRef = AA5CA9B82DBC09910095D022 /* Assets.xcassets */; };
		AA5CA9BC2DBC09910095D022 /* Preview Assets.xcassets in Resources */ = {isa = PBXBuildFile; fileRef = AA5CA9BB2DBC09910095D022 /* Preview Assets.xcassets */; };
		AA5CA9D02DBC09910095D022 /* whisperUITests.swift in Sources */ = {isa = PBXBuildFile; fileRef = AA5CA9CF2DBC09910095D022 /* whisperUITests.swift */; };
		AA5CA9D22DBC09910095D022 /* whisperUITestsLaunchTests.swift in Sources */ = {isa = PBXBuildFile; fileRef = AA5CA9D12DBC09910095D022 /* whisperUITestsLaunchTests.swift */; };
		AA5CA9E12DBC392F0095D022 /* HelloViewModelTests.swift in Sources */ = {isa = PBXBuildFile; fileRef = AA5CA9E02DBC392F0095D022 /* HelloViewModelTests.swift */; };
		AA5CA9E42DBCD2A00095D022 /* HelloViewModel.swift in Sources */ = {isa = PBXBuildFile; fileRef = AA5CA9E32DBCD2A00095D022 /* HelloViewModel.swift */; };
		AA5CA9E72DBCD3FA0095D022 /* KeychainAccess in Frameworks */ = {isa = PBXBuildFile; productRef = AA5CA9E62DBCD3FA0095D022 /* KeychainAccess */; };
		AA5CA9E92DBCD3FD0095D022 /* Starscream in Frameworks */ = {isa = PBXBuildFile; productRef = AA5CA9E82DBCD3FD0095D022 /* Starscream */; };
		AA93605C2DC4391600D72C89 /* MyAPI.swift in Sources */ = {isa = PBXBuildFile; fileRef = AA93605A2DC4391600D72C89 /* MyAPI.swift */; };
		AA93605D2DC4391600D72C89 /* MessageViewModel.swift in Sources */ = {isa = PBXBuildFile; fileRef = AA93605B2DC4391600D72C89 /* MessageViewModel.swift */; };
		AA93605F2DC4392F00D72C89 /* AlertError.swift in Sources */ = {isa = PBXBuildFile; fileRef = AA93605E2DC4392F00D72C89 /* AlertError.swift */; };
		AA9360612DC4393600D72C89 /* AuthViewModel.swift in Sources */ = {isa = PBXBuildFile; fileRef = AA9360602DC4393600D72C89 /* AuthViewModel.swift */; };
		AA9360632DC4393D00D72C89 /* ChatView.swift in Sources */ = {isa = PBXBuildFile; fileRef = AA9360622DC4393D00D72C89 /* ChatView.swift */; };
		AA9360652DC4394500D72C89 /* ChatViewModel.swift in Sources */ = {isa = PBXBuildFile; fileRef = AA9360642DC4394500D72C89 /* ChatViewModel.swift */; };
		AA9360672DC4395300D72C89 /* LoginView.swift in Sources */ = {isa = PBXBuildFile; fileRef = AA9360662DC4395300D72C89 /* LoginView.swift */; };
/* End PBXBuildFile section */

/* Begin PBXContainerItemProxy section */
		AA5CA9C22DBC09910095D022 /* PBXContainerItemProxy */ = {
			isa = PBXContainerItemProxy;
			containerPortal = AA5CA9A92DBC09900095D022 /* Project object */;
			proxyType = 1;
			remoteGlobalIDString = AA5CA9B02DBC09900095D022;
			remoteInfo = whisper;
		};
		AA5CA9CC2DBC09910095D022 /* PBXContainerItemProxy */ = {
			isa = PBXContainerItemProxy;
			containerPortal = AA5CA9A92DBC09900095D022 /* Project object */;
			proxyType = 1;
			remoteGlobalIDString = AA5CA9B02DBC09900095D022;
			remoteInfo = whisper;
		};
/* End PBXContainerItemProxy section */

/* Begin PBXFileReference section */
		AA5CA9B12DBC09900095D022 /* whisper.app */ = {isa = PBXFileReference; explicitFileType = wrapper.application; includeInIndex = 0; path = whisper.app; sourceTree = BUILT_PRODUCTS_DIR; };
		AA5CA9B42DBC09900095D022 /* whisperApp.swift */ = {isa = PBXFileReference; lastKnownFileType = sourcecode.swift; path = whisperApp.swift; sourceTree = "<group>"; };
		AA5CA9B62DBC09900095D022 /* ContentView.swift */ = {isa = PBXFileReference; lastKnownFileType = sourcecode.swift; path = ContentView.swift; sourceTree = "<group>"; };
		AA5CA9B82DBC09910095D022 /* Assets.xcassets */ = {isa = PBXFileReference; lastKnownFileType = folder.assetcatalog; path = Assets.xcassets; sourceTree = "<group>"; };
		AA5CA9BB2DBC09910095D022 /* Preview Assets.xcassets */ = {isa = PBXFileReference; lastKnownFileType = folder.assetcatalog; path = "Preview Assets.xcassets"; sourceTree = "<group>"; };
		AA5CA9C12DBC09910095D022 /* whisperTests.xctest */ = {isa = PBXFileReference; explicitFileType = wrapper.cfbundle; includeInIndex = 0; path = whisperTests.xctest; sourceTree = BUILT_PRODUCTS_DIR; };
		AA5CA9CB2DBC09910095D022 /* whisperUITests.xctest */ = {isa = PBXFileReference; explicitFileType = wrapper.cfbundle; includeInIndex = 0; path = whisperUITests.xctest; sourceTree = BUILT_PRODUCTS_DIR; };
		AA5CA9CF2DBC09910095D022 /* whisperUITests.swift */ = {isa = PBXFileReference; lastKnownFileType = sourcecode.swift; path = whisperUITests.swift; sourceTree = "<group>"; };
		AA5CA9D12DBC09910095D022 /* whisperUITestsLaunchTests.swift */ = {isa = PBXFileReference; lastKnownFileType = sourcecode.swift; path = whisperUITestsLaunchTests.swift; sourceTree = "<group>"; };
		AA5CA9E02DBC392F0095D022 /* HelloViewModelTests.swift */ = {isa = PBXFileReference; lastKnownFileType = sourcecode.swift; path = HelloViewModelTests.swift; sourceTree = "<group>"; };
		AA5CA9E32DBCD2A00095D022 /* HelloViewModel.swift */ = {isa = PBXFileReference; lastKnownFileType = sourcecode.swift; path = HelloViewModel.swift; sourceTree = "<group>"; };
		AA93605A2DC4391600D72C89 /* MyAPI.swift */ = {isa = PBXFileReference; fileEncoding = 4; lastKnownFileType = sourcecode.swift; path = MyAPI.swift; sourceTree = "<group>"; };
		AA93605B2DC4391600D72C89 /* MessageViewModel.swift */ = {isa = PBXFileReference; fileEncoding = 4; lastKnownFileType = sourcecode.swift; path = MessageViewModel.swift; sourceTree = "<group>"; };
		AA93605E2DC4392F00D72C89 /* AlertError.swift */ = {isa = PBXFileReference; fileEncoding = 4; lastKnownFileType = sourcecode.swift; path = AlertError.swift; sourceTree = "<group>"; };
		AA9360602DC4393600D72C89 /* AuthViewModel.swift */ = {isa = PBXFileReference; fileEncoding = 4; lastKnownFileType = sourcecode.swift; path = AuthViewModel.swift; sourceTree = "<group>"; };
		AA9360622DC4393D00D72C89 /* ChatView.swift */ = {isa = PBXFileReference; fileEncoding = 4; lastKnownFileType = sourcecode.swift; path = ChatView.swift; sourceTree = "<group>"; };
		AA9360642DC4394500D72C89 /* ChatViewModel.swift */ = {isa = PBXFileReference; fileEncoding = 4; lastKnownFileType = sourcecode.swift; path = ChatViewModel.swift; sourceTree = "<group>"; };
		AA9360662DC4395300D72C89 /* LoginView.swift */ = {isa = PBXFileReference; fileEncoding = 4; lastKnownFileType = sourcecode.swift; path = LoginView.swift; sourceTree = "<group>"; };
/* End PBXFileReference section */

/* Begin PBXFrameworksBuildPhase section */
		AA5CA9AE2DBC09900095D022 /* Frameworks */ = {
			isa = PBXFrameworksBuildPhase;
			buildActionMask = 2147483647;
			files = (
				AA5CA9E72DBCD3FA0095D022 /* KeychainAccess in Frameworks */,
				AA5CA9E92DBCD3FD0095D022 /* Starscream in Frameworks */,
			);
			runOnlyForDeploymentPostprocessing = 0;
		};
		AA5CA9BE2DBC09910095D022 /* Frameworks */ = {
			isa = PBXFrameworksBuildPhase;
			buildActionMask = 2147483647;
			files = (
			);
			runOnlyForDeploymentPostprocessing = 0;
		};
		AA5CA9C82DBC09910095D022 /* Frameworks */ = {
			isa = PBXFrameworksBuildPhase;
			buildActionMask = 2147483647;
			files = (
			);
			runOnlyForDeploymentPostprocessing = 0;
		};
/* End PBXFrameworksBuildPhase section */

/* Begin PBXGroup section */
		AA5CA9A82DBC09900095D022 = {
			isa = PBXGroup;
			children = (
				AA5CA9E22DBCC9D20095D022 /* backend */,
				AA5CA9B32DBC09900095D022 /* whisper */,
				AA5CA9C42DBC09910095D022 /* whisperTests */,
				AA5CA9CE2DBC09910095D022 /* whisperUITests */,
				AA5CA9B22DBC09900095D022 /* Products */,
				AA5CA9E52DBCD3FA0095D022 /* Frameworks */,
			);
			sourceTree = "<group>";
		};
		AA5CA9B22DBC09900095D022 /* Products */ = {
			isa = PBXGroup;
			children = (
				AA5CA9B12DBC09900095D022 /* whisper.app */,
				AA5CA9C12DBC09910095D022 /* whisperTests.xctest */,
				AA5CA9CB2DBC09910095D022 /* whisperUITests.xctest */,
			);
			name = Products;
			sourceTree = "<group>";
		};
		AA5CA9B32DBC09900095D022 /* whisper */ = {
			isa = PBXGroup;
			children = (
				AA9360662DC4395300D72C89 /* LoginView.swift */,
				AA9360642DC4394500D72C89 /* ChatViewModel.swift */,
				AA9360622DC4393D00D72C89 /* ChatView.swift */,
				AA9360602DC4393600D72C89 /* AuthViewModel.swift */,
				AA93605E2DC4392F00D72C89 /* AlertError.swift */,
				AA93605B2DC4391600D72C89 /* MessageViewModel.swift */,
				AA93605A2DC4391600D72C89 /* MyAPI.swift */,
				AA5CA9B42DBC09900095D022 /* whisperApp.swift */,
				AA5CA9B62DBC09900095D022 /* ContentView.swift */,
				AA5CA9B82DBC09910095D022 /* Assets.xcassets */,
				AA5CA9BA2DBC09910095D022 /* Preview Content */,
				AA5CA9E32DBCD2A00095D022 /* HelloViewModel.swift */,
			);
			path = whisper;
			sourceTree = "<group>";
		};
		AA5CA9BA2DBC09910095D022 /* Preview Content */ = {
			isa = PBXGroup;
			children = (
				AA5CA9BB2DBC09910095D022 /* Preview Assets.xcassets */,
			);
			path = "Preview Content";
			sourceTree = "<group>";
		};
		AA5CA9C42DBC09910095D022 /* whisperTests */ = {
			isa = PBXGroup;
			children = (
				AA5CA9E02DBC392F0095D022 /* HelloViewModelTests.swift */,
			);
			path = whisperTests;
			sourceTree = "<group>";
		};
		AA5CA9CE2DBC09910095D022 /* whisperUITests */ = {
			isa = PBXGroup;
			children = (
				AA5CA9CF2DBC09910095D022 /* whisperUITests.swift */,
				AA5CA9D12DBC09910095D022 /* whisperUITestsLaunchTests.swift */,
			);
			path = whisperUITests;
			sourceTree = "<group>";
		};
		AA5CA9E22DBCC9D20095D022 /* backend */ = {
			isa = PBXGroup;
			children = (
			);
			path = backend;
			sourceTree = "<group>";
		};
		AA5CA9E52DBCD3FA0095D022 /* Frameworks */ = {
			isa = PBXGroup;
			children = (
			);
			name = Frameworks;
			sourceTree = "<group>";
		};
/* End PBXGroup section */

/* Begin PBXNativeTarget section */
		AA5CA9B02DBC09900095D022 /* whisper */ = {
			isa = PBXNativeTarget;
			buildConfigurationList = AA5CA9D52DBC09910095D022 /* Build configuration list for PBXNativeTarget "whisper" */;
			buildPhases = (
				AA5CA9AD2DBC09900095D022 /* Sources */,
				AA5CA9AE2DBC09900095D022 /* Frameworks */,
				AA5CA9AF2DBC09900095D022 /* Resources */,
			);
			buildRules = (
			);
			dependencies = (
			);
			name = whisper;
			packageProductDependencies = (
				AA5CA9E62DBCD3FA0095D022 /* KeychainAccess */,
				AA5CA9E82DBCD3FD0095D022 /* Starscream */,
			);
			productName = whisper;
			productReference = AA5CA9B12DBC09900095D022 /* whisper.app */;
			productType = "com.apple.product-type.application";
		};
		AA5CA9C02DBC09910095D022 /* whisperTests */ = {
			isa = PBXNativeTarget;
			buildConfigurationList = AA5CA9D82DBC09910095D022 /* Build configuration list for PBXNativeTarget "whisperTests" */;
			buildPhases = (
				AA5CA9BD2DBC09910095D022 /* Sources */,
				AA5CA9BE2DBC09910095D022 /* Frameworks */,
				AA5CA9BF2DBC09910095D022 /* Resources */,
			);
			buildRules = (
			);
			dependencies = (
				AA5CA9C32DBC09910095D022 /* PBXTargetDependency */,
			);
			name = whisperTests;
			productName = whisperTests;
			productReference = AA5CA9C12DBC09910095D022 /* whisperTests.xctest */;
			productType = "com.apple.product-type.bundle.unit-test";
		};
		AA5CA9CA2DBC09910095D022 /* whisperUITests */ = {
			isa = PBXNativeTarget;
			buildConfigurationList = AA5CA9DB2DBC09910095D022 /* Build configuration list for PBXNativeTarget "whisperUITests" */;
			buildPhases = (
				AA5CA9C72DBC09910095D022 /* Sources */,
				AA5CA9C82DBC09910095D022 /* Frameworks */,
				AA5CA9C92DBC09910095D022 /* Resources */,
			);
			buildRules = (
			);
			dependencies = (
				AA5CA9CD2DBC09910095D022 /* PBXTargetDependency */,
			);
			name = whisperUITests;
			productName = whisperUITests;
			productReference = AA5CA9CB2DBC09910095D022 /* whisperUITests.xctest */;
			productType = "com.apple.product-type.bundle.ui-testing";
		};
/* End PBXNativeTarget section */

/* Begin PBXProject section */
		AA5CA9A92DBC09900095D022 /* Project object */ = {
			isa = PBXProject;
			attributes = {
				BuildIndependentTargetsInParallel = 1;
				LastSwiftUpdateCheck = 1540;
				LastUpgradeCheck = 1540;
				TargetAttributes = {
					AA5CA9B02DBC09900095D022 = {
						CreatedOnToolsVersion = 15.4;
					};
					AA5CA9C02DBC09910095D022 = {
						CreatedOnToolsVersion = 15.4;
						TestTargetID = AA5CA9B02DBC09900095D022;
					};
					AA5CA9CA2DBC09910095D022 = {
						CreatedOnToolsVersion = 15.4;
						TestTargetID = AA5CA9B02DBC09900095D022;
					};
				};
			};
			buildConfigurationList = AA5CA9AC2DBC09900095D022 /* Build configuration list for PBXProject "whisper" */;
			compatibilityVersion = "Xcode 14.0";
			developmentRegion = en;
			hasScannedForEncodings = 0;
			knownRegions = (
				en,
				Base,
			);
			mainGroup = AA5CA9A82DBC09900095D022;
			packageReferences = (
				AA5CA9DE2DBC37500095D022 /* XCRemoteSwiftPackageReference "Starscream" */,
				AA5CA9DF2DBC376A0095D022 /* XCRemoteSwiftPackageReference "KeychainAccess" */,
			);
			productRefGroup = AA5CA9B22DBC09900095D022 /* Products */;
			projectDirPath = "";
			projectRoot = "";
			targets = (
				AA5CA9B02DBC09900095D022 /* whisper */,
				AA5CA9C02DBC09910095D022 /* whisperTests */,
				AA5CA9CA2DBC09910095D022 /* whisperUITests */,
			);
		};
/* End PBXProject section */

/* Begin PBXResourcesBuildPhase section */
		AA5CA9AF2DBC09900095D022 /* Resources */ = {
			isa = PBXResourcesBuildPhase;
			buildActionMask = 2147483647;
			files = (
				AA5CA9BC2DBC09910095D022 /* Preview Assets.xcassets in Resources */,
				AA5CA9B92DBC09910095D022 /* Assets.xcassets in Resources */,
			);
			runOnlyForDeploymentPostprocessing = 0;
		};
		AA5CA9BF2DBC09910095D022 /* Resources */ = {
			isa = PBXResourcesBuildPhase;
			buildActionMask = 2147483647;
			files = (
			);
			runOnlyForDeploymentPostprocessing = 0;
		};
		AA5CA9C92DBC09910095D022 /* Resources */ = {
			isa = PBXResourcesBuildPhase;
			buildActionMask = 2147483647;
			files = (
			);
			runOnlyForDeploymentPostprocessing = 0;
		};
/* End PBXResourcesBuildPhase section */

/* Begin PBXSourcesBuildPhase section */
		AA5CA9AD2DBC09900095D022 /* Sources */ = {
			isa = PBXSourcesBuildPhase;
			buildActionMask = 2147483647;
			files = (
				AA5CA9B72DBC09900095D022 /* ContentView.swift in Sources */,
				AA5CA9E42DBCD2A00095D022 /* HelloViewModel.swift in Sources */,
				AA93605D2DC4391600D72C89 /* MessageViewModel.swift in Sources */,
				AA9360612DC4393600D72C89 /* AuthViewModel.swift in Sources */,
				AA9360632DC4393D00D72C89 /* ChatView.swift in Sources */,
				AA93605C2DC4391600D72C89 /* MyAPI.swift in Sources */,
				AA5CA9B52DBC09900095D022 /* whisperApp.swift in Sources */,
				AA9360652DC4394500D72C89 /* ChatViewModel.swift in Sources */,
				AA9360672DC4395300D72C89 /* LoginView.swift in Sources */,
				AA93605F2DC4392F00D72C89 /* AlertError.swift in Sources */,
			);
			runOnlyForDeploymentPostprocessing = 0;
		};
		AA5CA9BD2DBC09910095D022 /* Sources */ = {
			isa = PBXSourcesBuildPhase;
			buildActionMask = 2147483647;
			files = (
				AA5CA9E12DBC392F0095D022 /* HelloViewModelTests.swift in Sources */,
			);
			runOnlyForDeploymentPostprocessing = 0;
		};
		AA5CA9C72DBC09910095D022 /* Sources */ = {
			isa = PBXSourcesBuildPhase;
			buildActionMask = 2147483647;
			files = (
				AA5CA9D02DBC09910095D022 /* whisperUITests.swift in Sources */,
				AA5CA9D22DBC09910095D022 /* whisperUITestsLaunchTests.swift in Sources */,
			);
			runOnlyForDeploymentPostprocessing = 0;
		};
/* End PBXSourcesBuildPhase section */

/* Begin PBXTargetDependency section */
		AA5CA9C32DBC09910095D022 /* PBXTargetDependency */ = {
			isa = PBXTargetDependency;
			target = AA5CA9B02DBC09900095D022 /* whisper */;
			targetProxy = AA5CA9C22DBC09910095D022 /* PBXContainerItemProxy */;
		};
		AA5CA9CD2DBC09910095D022 /* PBXTargetDependency */ = {
			isa = PBXTargetDependency;
			target = AA5CA9B02DBC09900095D022 /* whisper */;
			targetProxy = AA5CA9CC2DBC09910095D022 /* PBXContainerItemProxy */;
		};
/* End PBXTargetDependency section */

/* Begin XCBuildConfiguration section */
		AA5CA9D32DBC09910095D022 /* Debug */ = {
			isa = XCBuildConfiguration;
			buildSettings = {
				ALWAYS_SEARCH_USER_PATHS = NO;
				ASSETCATALOG_COMPILER_GENERATE_SWIFT_ASSET_SYMBOL_EXTENSIONS = YES;
				CLANG_ANALYZER_NONNULL = YES;
				CLANG_ANALYZER_NUMBER_OBJECT_CONVERSION = YES_AGGRESSIVE;
				CLANG_CXX_LANGUAGE_STANDARD = "gnu++20";
				CLANG_ENABLE_MODULES = YES;
				CLANG_ENABLE_OBJC_ARC = YES;
				CLANG_ENABLE_OBJC_WEAK = YES;
				CLANG_WARN_BLOCK_CAPTURE_AUTORELEASING = YES;
				CLANG_WARN_BOOL_CONVERSION = YES;
				CLANG_WARN_COMMA = YES;
				CLANG_WARN_CONSTANT_CONVERSION = YES;
				CLANG_WARN_DEPRECATED_OBJC_IMPLEMENTATIONS = YES;
				CLANG_WARN_DIRECT_OBJC_ISA_USAGE = YES_ERROR;
				CLANG_WARN_DOCUMENTATION_COMMENTS = YES;
				CLANG_WARN_EMPTY_BODY = YES;
				CLANG_WARN_ENUM_CONVERSION = YES;
				CLANG_WARN_INFINITE_RECURSION = YES;
				CLANG_WARN_INT_CONVERSION = YES;
				CLANG_WARN_NON_LITERAL_NULL_CONVERSION = YES;
				CLANG_WARN_OBJC_IMPLICIT_RETAIN_SELF = YES;
				CLANG_WARN_OBJC_LITERAL_CONVERSION = YES;
				CLANG_WARN_OBJC_ROOT_CLASS = YES_ERROR;
				CLANG_WARN_QUOTED_INCLUDE_IN_FRAMEWORK_HEADER = YES;
				CLANG_WARN_RANGE_LOOP_ANALYSIS = YES;
				CLANG_WARN_STRICT_PROTOTYPES = YES;
				CLANG_WARN_SUSPICIOUS_MOVE = YES;
				CLANG_WARN_UNGUARDED_AVAILABILITY = YES_AGGRESSIVE;
				CLANG_WARN_UNREACHABLE_CODE = YES;
				CLANG_WARN__DUPLICATE_METHOD_MATCH = YES;
				COPY_PHASE_STRIP = NO;
				DEBUG_INFORMATION_FORMAT = dwarf;
				ENABLE_STRICT_OBJC_MSGSEND = YES;
				ENABLE_TESTABILITY = YES;
				ENABLE_USER_SCRIPT_SANDBOXING = YES;
				GCC_C_LANGUAGE_STANDARD = gnu17;
				GCC_DYNAMIC_NO_PIC = NO;
				GCC_NO_COMMON_BLOCKS = YES;
				GCC_OPTIMIZATION_LEVEL = 0;
				GCC_PREPROCESSOR_DEFINITIONS = (
					"DEBUG=1",
					"$(inherited)",
				);
				GCC_WARN_64_TO_32_BIT_CONVERSION = YES;
				GCC_WARN_ABOUT_RETURN_TYPE = YES_ERROR;
				GCC_WARN_UNDECLARED_SELECTOR = YES;
				GCC_WARN_UNINITIALIZED_AUTOS = YES_AGGRESSIVE;
				GCC_WARN_UNUSED_FUNCTION = YES;
				GCC_WARN_UNUSED_VARIABLE = YES;
				IPHONEOS_DEPLOYMENT_TARGET = 17.5;
				LOCALIZATION_PREFERS_STRING_CATALOGS = YES;
				MTL_ENABLE_DEBUG_INFO = INCLUDE_SOURCE;
				MTL_FAST_MATH = YES;
				ONLY_ACTIVE_ARCH = YES;
				SDKROOT = iphoneos;
				SWIFT_ACTIVE_COMPILATION_CONDITIONS = "DEBUG $(inherited)";
				SWIFT_OPTIMIZATION_LEVEL = "-Onone";
			};
			name = Debug;
		};
		AA5CA9D42DBC09910095D022 /* Release */ = {
			isa = XCBuildConfiguration;
			buildSettings = {
				ALWAYS_SEARCH_USER_PATHS = NO;
				ASSETCATALOG_COMPILER_GENERATE_SWIFT_ASSET_SYMBOL_EXTENSIONS = YES;
				CLANG_ANALYZER_NONNULL = YES;
				CLANG_ANALYZER_NUMBER_OBJECT_CONVERSION = YES_AGGRESSIVE;
				CLANG_CXX_LANGUAGE_STANDARD = "gnu++20";
				CLANG_ENABLE_MODULES = YES;
				CLANG_ENABLE_OBJC_ARC = YES;
				CLANG_ENABLE_OBJC_WEAK = YES;
				CLANG_WARN_BLOCK_CAPTURE_AUTORELEASING = YES;
				CLANG_WARN_BOOL_CONVERSION = YES;
				CLANG_WARN_COMMA = YES;
				CLANG_WARN_CONSTANT_CONVERSION = YES;
				CLANG_WARN_DEPRECATED_OBJC_IMPLEMENTATIONS = YES;
				CLANG_WARN_DIRECT_OBJC_ISA_USAGE = YES_ERROR;
				CLANG_WARN_DOCUMENTATION_COMMENTS = YES;
				CLANG_WARN_EMPTY_BODY = YES;
				CLANG_WARN_ENUM_CONVERSION = YES;
				CLANG_WARN_INFINITE_RECURSION = YES;
				CLANG_WARN_INT_CONVERSION = YES;
				CLANG_WARN_NON_LITERAL_NULL_CONVERSION = YES;
				CLANG_WARN_OBJC_IMPLICIT_RETAIN_SELF = YES;
				CLANG_WARN_OBJC_LITERAL_CONVERSION = YES;
				CLANG_WARN_OBJC_ROOT_CLASS = YES_ERROR;
				CLANG_WARN_QUOTED_INCLUDE_IN_FRAMEWORK_HEADER = YES;
				CLANG_WARN_RANGE_LOOP_ANALYSIS = YES;
				CLANG_WARN_STRICT_PROTOTYPES = YES;
				CLANG_WARN_SUSPICIOUS_MOVE = YES;
				CLANG_WARN_UNGUARDED_AVAILABILITY = YES_AGGRESSIVE;
				CLANG_WARN_UNREACHABLE_CODE = YES;
				CLANG_WARN__DUPLICATE_METHOD_MATCH = YES;
				COPY_PHASE_STRIP = NO;
				DEBUG_INFORMATION_FORMAT = "dwarf-with-dsym";
				ENABLE_NS_ASSERTIONS = NO;
				ENABLE_STRICT_OBJC_MSGSEND = YES;
				ENABLE_USER_SCRIPT_SANDBOXING = YES;
				GCC_C_LANGUAGE_STANDARD = gnu17;
				GCC_NO_COMMON_BLOCKS = YES;
				GCC_WARN_64_TO_32_BIT_CONVERSION = YES;
				GCC_WARN_ABOUT_RETURN_TYPE = YES_ERROR;
				GCC_WARN_UNDECLARED_SELECTOR = YES;
				GCC_WARN_UNINITIALIZED_AUTOS = YES_AGGRESSIVE;
				GCC_WARN_UNUSED_FUNCTION = YES;
				GCC_WARN_UNUSED_VARIABLE = YES;
				IPHONEOS_DEPLOYMENT_TARGET = 17.5;
				LOCALIZATION_PREFERS_STRING_CATALOGS = YES;
				MTL_ENABLE_DEBUG_INFO = NO;
				MTL_FAST_MATH = YES;
				SDKROOT = iphoneos;
				SWIFT_COMPILATION_MODE = wholemodule;
				VALIDATE_PRODUCT = YES;
			};
			name = Release;
		};
		AA5CA9D62DBC09910095D022 /* Debug */ = {
			isa = XCBuildConfiguration;
			buildSettings = {
				ASSETCATALOG_COMPILER_APPICON_NAME = AppIcon;
				ASSETCATALOG_COMPILER_GLOBAL_ACCENT_COLOR_NAME = AccentColor;
				CODE_SIGN_STYLE = Automatic;
				CURRENT_PROJECT_VERSION = 1;
				DEVELOPMENT_ASSET_PATHS = "\"whisper/Preview Content\"";
				ENABLE_PREVIEWS = YES;
				GENERATE_INFOPLIST_FILE = YES;
				INFOPLIST_KEY_UIApplicationSceneManifest_Generation = YES;
				INFOPLIST_KEY_UIApplicationSupportsIndirectInputEvents = YES;
				INFOPLIST_KEY_UILaunchScreen_Generation = YES;
				INFOPLIST_KEY_UISupportedInterfaceOrientations_iPad = "UIInterfaceOrientationPortrait UIInterfaceOrientationPortraitUpsideDown UIInterfaceOrientationLandscapeLeft UIInterfaceOrientationLandscapeRight";
				INFOPLIST_KEY_UISupportedInterfaceOrientations_iPhone = "UIInterfaceOrientationPortrait UIInterfaceOrientationLandscapeLeft UIInterfaceOrientationLandscapeRight";
				LD_RUNPATH_SEARCH_PATHS = (
					"$(inherited)",
					"@executable_path/Frameworks",
				);
				MARKETING_VERSION = 1.0;
				PRODUCT_BUNDLE_IDENTIFIER = ethan.whisper;
				PRODUCT_NAME = "$(TARGET_NAME)";
				SWIFT_EMIT_LOC_STRINGS = YES;
				SWIFT_VERSION = 5.0;
				TARGETED_DEVICE_FAMILY = "1,2";
			};
			name = Debug;
		};
		AA5CA9D72DBC09910095D022 /* Release */ = {
			isa = XCBuildConfiguration;
			buildSettings = {
				ASSETCATALOG_COMPILER_APPICON_NAME = AppIcon;
				ASSETCATALOG_COMPILER_GLOBAL_ACCENT_COLOR_NAME = AccentColor;
				CODE_SIGN_STYLE = Automatic;
				CURRENT_PROJECT_VERSION = 1;
				DEVELOPMENT_ASSET_PATHS = "\"whisper/Preview Content\"";
				ENABLE_PREVIEWS = YES;
				GENERATE_INFOPLIST_FILE = YES;
				INFOPLIST_KEY_UIApplicationSceneManifest_Generation = YES;
				INFOPLIST_KEY_UIApplicationSupportsIndirectInputEvents = YES;
				INFOPLIST_KEY_UILaunchScreen_Generation = YES;
				INFOPLIST_KEY_UISupportedInterfaceOrientations_iPad = "UIInterfaceOrientationPortrait UIInterfaceOrientationPortraitUpsideDown UIInterfaceOrientationLandscapeLeft UIInterfaceOrientationLandscapeRight";
				INFOPLIST_KEY_UISupportedInterfaceOrientations_iPhone = "UIInterfaceOrientationPortrait UIInterfaceOrientationLandscapeLeft UIInterfaceOrientationLandscapeRight";
				LD_RUNPATH_SEARCH_PATHS = (
					"$(inherited)",
					"@executable_path/Frameworks",
				);
				MARKETING_VERSION = 1.0;
				PRODUCT_BUNDLE_IDENTIFIER = ethan.whisper;
				PRODUCT_NAME = "$(TARGET_NAME)";
				SWIFT_EMIT_LOC_STRINGS = YES;
				SWIFT_VERSION = 5.0;
				TARGETED_DEVICE_FAMILY = "1,2";
			};
			name = Release;
		};
		AA5CA9D92DBC09910095D022 /* Debug */ = {
			isa = XCBuildConfiguration;
			buildSettings = {
				ALWAYS_EMBED_SWIFT_STANDARD_LIBRARIES = YES;
				BUNDLE_LOADER = "$(TEST_HOST)";
				CODE_SIGN_STYLE = Automatic;
				CURRENT_PROJECT_VERSION = 1;
				GENERATE_INFOPLIST_FILE = YES;
				IPHONEOS_DEPLOYMENT_TARGET = 17.5;
				MARKETING_VERSION = 1.0;
				PRODUCT_BUNDLE_IDENTIFIER = ethan.whisperTests;
				PRODUCT_NAME = "$(TARGET_NAME)";
				SWIFT_EMIT_LOC_STRINGS = NO;
				SWIFT_VERSION = 5.0;
				TARGETED_DEVICE_FAMILY = "1,2";
				TEST_HOST = "$(BUILT_PRODUCTS_DIR)/whisper.app/$(BUNDLE_EXECUTABLE_FOLDER_PATH)/whisper";
			};
			name = Debug;
		};
		AA5CA9DA2DBC09910095D022 /* Release */ = {
			isa = XCBuildConfiguration;
			buildSettings = {
				ALWAYS_EMBED_SWIFT_STANDARD_LIBRARIES = YES;
				BUNDLE_LOADER = "$(TEST_HOST)";
				CODE_SIGN_STYLE = Automatic;
				CURRENT_PROJECT_VERSION = 1;
				GENERATE_INFOPLIST_FILE = YES;
				IPHONEOS_DEPLOYMENT_TARGET = 17.5;
				MARKETING_VERSION = 1.0;
				PRODUCT_BUNDLE_IDENTIFIER = ethan.whisperTests;
				PRODUCT_NAME = "$(TARGET_NAME)";
				SWIFT_EMIT_LOC_STRINGS = NO;
				SWIFT_VERSION = 5.0;
				TARGETED_DEVICE_FAMILY = "1,2";
				TEST_HOST = "$(BUILT_PRODUCTS_DIR)/whisper.app/$(BUNDLE_EXECUTABLE_FOLDER_PATH)/whisper";
			};
			name = Release;
		};
		AA5CA9DC2DBC09910095D022 /* Debug */ = {
			isa = XCBuildConfiguration;
			buildSettings = {
				ALWAYS_EMBED_SWIFT_STANDARD_LIBRARIES = YES;
				CODE_SIGN_STYLE = Automatic;
				CURRENT_PROJECT_VERSION = 1;
				GENERATE_INFOPLIST_FILE = YES;
				MARKETING_VERSION = 1.0;
				PRODUCT_BUNDLE_IDENTIFIER = ethan.whisperUITests;
				PRODUCT_NAME = "$(TARGET_NAME)";
				SWIFT_EMIT_LOC_STRINGS = NO;
				SWIFT_VERSION = 5.0;
				TARGETED_DEVICE_FAMILY = "1,2";
				TEST_TARGET_NAME = whisper;
			};
			name = Debug;
		};
		AA5CA9DD2DBC09910095D022 /* Release */ = {
			isa = XCBuildConfiguration;
			buildSettings = {
				ALWAYS_EMBED_SWIFT_STANDARD_LIBRARIES = YES;
				CODE_SIGN_STYLE = Automatic;
				CURRENT_PROJECT_VERSION = 1;
				GENERATE_INFOPLIST_FILE = YES;
				MARKETING_VERSION = 1.0;
				PRODUCT_BUNDLE_IDENTIFIER = ethan.whisperUITests;
				PRODUCT_NAME = "$(TARGET_NAME)";
				SWIFT_EMIT_LOC_STRINGS = NO;
				SWIFT_VERSION = 5.0;
				TARGETED_DEVICE_FAMILY = "1,2";
				TEST_TARGET_NAME = whisper;
			};
			name = Release;
		};
/* End XCBuildConfiguration section */

/* Begin XCConfigurationList section */
		AA5CA9AC2DBC09900095D022 /* Build configuration list for PBXProject "whisper" */ = {
			isa = XCConfigurationList;
			buildConfigurations = (
				AA5CA9D32DBC09910095D022 /* Debug */,
				AA5CA9D42DBC09910095D022 /* Release */,
			);
			defaultConfigurationIsVisible = 0;
			defaultConfigurationName = Release;
		};
		AA5CA9D52DBC09910095D022 /* Build configuration list for PBXNativeTarget "whisper" */ = {
			isa = XCConfigurationList;
			buildConfigurations = (
				AA5CA9D62DBC09910095D022 /* Debug */,
				AA5CA9D72DBC09910095D022 /* Release */,
			);
			defaultConfigurationIsVisible = 0;
			defaultConfigurationName = Release;
		};
		AA5CA9D82DBC09910095D022 /* Build configuration list for PBXNativeTarget "whisperTests" */ = {
			isa = XCConfigurationList;
			buildConfigurations = (
				AA5CA9D92DBC09910095D022 /* Debug */,
				AA5CA9DA2DBC09910095D022 /* Release */,
			);
			defaultConfigurationIsVisible = 0;
			defaultConfigurationName = Release;
		};
		AA5CA9DB2DBC09910095D022 /* Build configuration list for PBXNativeTarget "whisperUITests" */ = {
			isa = XCConfigurationList;
			buildConfigurations = (
				AA5CA9DC2DBC09910095D022 /* Debug */,
				AA5CA9DD2DBC09910095D022 /* Release */,
			);
			defaultConfigurationIsVisible = 0;
			defaultConfigurationName = Release;
		};
/* End XCConfigurationList section */

/* Begin XCRemoteSwiftPackageReference section */
		AA5CA9DE2DBC37500095D022 /* XCRemoteSwiftPackageReference "Starscream" */ = {
			isa = XCRemoteSwiftPackageReference;
			repositoryURL = "https://github.com/daltoniam/Starscream";
			requirement = {
				kind = upToNextMajorVersion;
				minimumVersion = 4.0.8;
			};
		};
		AA5CA9DF2DBC376A0095D022 /* XCRemoteSwiftPackageReference "KeychainAccess" */ = {
			isa = XCRemoteSwiftPackageReference;
			repositoryURL = "https://github.com/kishikawakatsumi/KeychainAccess";
			requirement = {
				branch = master;
				kind = branch;
			};
		};
/* End XCRemoteSwiftPackageReference section */

/* Begin XCSwiftPackageProductDependency section */
		AA5CA9E62DBCD3FA0095D022 /* KeychainAccess */ = {
			isa = XCSwiftPackageProductDependency;
			package = AA5CA9DF2DBC376A0095D022 /* XCRemoteSwiftPackageReference "KeychainAccess" */;
			productName = KeychainAccess;
		};
		AA5CA9E82DBCD3FD0095D022 /* Starscream */ = {
			isa = XCSwiftPackageProductDependency;
			package = AA5CA9DE2DBC37500095D022 /* XCRemoteSwiftPackageReference "Starscream" */;
			productName = Starscream;
		};
/* End XCSwiftPackageProductDependency section */
	};
	rootObject = AA5CA9A92DBC09900095D022 /* Project object */;
}
